
Microsoft Visual Studio Solution File, Format Version 12.00
Project("{FAE04EC0-301F-11D3-BF4B-00C04F79EFBC}") = "ArkhamLib", "ArkhamLib\ArkhamLib.csproj", "{24192B69-284D-4803-9C72-DBB60EB6362B}"
EndProject
Global
	GlobalSection(SolutionConfigurationPlatforms) = preSolution
		Debug|Any CPU = Debug|Any CPU
		Release|Any CPU = Release|Any CPU
	EndGlobalSection
	GlobalSection(ProjectConfigurationPlatforms) = postSolution
		{24192B69-284D-4803-9C72-DBB60EB6362B}.Debug|Any CPU.ActiveCfg = Debug|Any CPU
		{24192B69-284D-4803-9C72-DBB60EB6362B}.Debug|Any CPU.Build.0 = Debug|Any CPU
		{24192B69-284D-4803-9C72-DBB60EB6362B}.Release|Any CPU.ActiveCfg = Release|Any CPU
		{24192B69-284D-4803-9C72-DBB60EB6362B}.Release|Any CPU.Build.0 = Release|Any CPU
	EndGlobalSection
EndGlobal
